
Microsoft Visual Studio Solution File, Format Version 12.00
# Visual Studio 15
VisualStudioVersion = 15.0.28307.902
MinimumVisualStudioVersion = 10.0.40219.1
Project("{FAE04EC0-301F-11D3-BF4B-00C04F79EFBC}") = "Voodoo.Crawl", "Voodoo\Voodoo.Crawl.csproj", "{9D405E1E-A0C5-475E-B629-789AB70E1EED}"
EndProject
Project("{FAE04EC0-301F-11D3-BF4B-00C04F79EFBC}") = "Voodoo.Common", "Voodoo.Common\Voodoo.Common.csproj", "{78DD5446-A271-4F36-A45F-0AD20CE55D3E}"
EndProject
Project("{FAE04EC0-301F-11D3-BF4B-00C04F79EFBC}") = "Voodoo.Crawl.Data", "Voodoo.Crawl.Data\Voodoo.Crawl.Data.csproj", "{7E462BB6-0ACB-4DBC-94A1-551ACDF2D6F1}"
EndProject
Project("{FAE04EC0-301F-11D3-BF4B-00C04F79EFBC}") = "Voodoo.Analysis", "Voodoo.Analysis\Voodoo.Analysis.csproj", "{E9C8DD17-4CA8-49E9-9562-2FB90FDD5791}"
EndProject
Project("{FAE04EC0-301F-11D3-BF4B-00C04F79EFBC}") = "Voodoo.Analysis.Data", "Voodoo.Analysis.Data\Voodoo.Analysis.Data.csproj", "{C6BE2E61-FD87-4C21-9839-BD83BF3FD770}"
EndProject
Project("{FAE04EC0-301F-11D3-BF4B-00C04F79EFBC}") = "Voodoo.Util", "Voodoo.Util\Voodoo.Util.csproj", "{0B5BE5D1-95DF-4429-AD29-10621B37DB69}"
EndProject
Project("{FAE04EC0-301F-11D3-BF4B-00C04F79EFBC}") = "Voodoo.Api", "Voodoo.Api\Voodoo.Api.csproj", "{F71F2473-975E-4BA8-A6E6-800E475E8BD3}"
EndProject
Project("{FAE04EC0-301F-11D3-BF4B-00C04F79EFBC}") = "Voodoo.Analysis.Visualize", "Voodoo.Analysis.Visualize\Voodoo.Analysis.Visualize.csproj", "{4E932739-8DEA-47F9-9FB4-D2AC33FBD2F8}"
EndProject
Project("{FAE04EC0-301F-11D3-BF4B-00C04F79EFBC}") = "Voodoo.Scrape", "Voodoo.Scrape\Voodoo.Scrape.csproj", "{8878F2D0-FAA7-488E-A8CD-57C292367965}"
EndProject
Project("{FAE04EC0-301F-11D3-BF4B-00C04F79EFBC}") = "Voodoo.Scrape.Data", "Voodoo.Scrape.Data\Voodoo.Scrape.Data.csproj", "{7EC67B29-F668-4D62-AB15-F8B6DC2D9BCB}"
EndProject
Global
	GlobalSection(SolutionConfigurationPlatforms) = preSolution
		Debug|Any CPU = Debug|Any CPU
		Release|Any CPU = Release|Any CPU
	EndGlobalSection
	GlobalSection(ProjectConfigurationPlatforms) = postSolution
		{9D405E1E-A0C5-475E-B629-789AB70E1EED}.Debug|Any CPU.ActiveCfg = Debug|Any CPU
		{9D405E1E-A0C5-475E-B629-789AB70E1EED}.Debug|Any CPU.Build.0 = Debug|Any CPU
		{9D405E1E-A0C5-475E-B629-789AB70E1EED}.Release|Any CPU.ActiveCfg = Release|Any CPU
		{9D405E1E-A0C5-475E-B629-789AB70E1EED}.Release|Any CPU.Build.0 = Release|Any CPU
		{78DD5446-A271-4F36-A45F-0AD20CE55D3E}.Debug|Any CPU.ActiveCfg = Debug|Any CPU
		{78DD5446-A271-4F36-A45F-0AD20CE55D3E}.Debug|Any CPU.Build.0 = Debug|Any CPU
		{78DD5446-A271-4F36-A45F-0AD20CE55D3E}.Release|Any CPU.ActiveCfg = Release|Any CPU
		{78DD5446-A271-4F36-A45F-0AD20CE55D3E}.Release|Any CPU.Build.0 = Release|Any CPU
		{7E462BB6-0ACB-4DBC-94A1-551ACDF2D6F1}.Debug|Any CPU.ActiveCfg = Debug|Any CPU
		{7E462BB6-0ACB-4DBC-94A1-551ACDF2D6F1}.Debug|Any CPU.Build.0 = Debug|Any CPU
		{7E462BB6-0ACB-4DBC-94A1-551ACDF2D6F1}.Release|Any CPU.ActiveCfg = Release|Any CPU
		{7E462BB6-0ACB-4DBC-94A1-551ACDF2D6F1}.Release|Any CPU.Build.0 = Release|Any CPU
		{E9C8DD17-4CA8-49E9-9562-2FB90FDD5791}.Debug|Any CPU.ActiveCfg = Debug|Any CPU
		{E9C8DD17-4CA8-49E9-9562-2FB90FDD5791}.Debug|Any CPU.Build.0 = Debug|Any CPU
		{E9C8DD17-4CA8-49E9-9562-2FB90FDD5791}.Release|Any CPU.ActiveCfg = Release|Any CPU
		{E9C8DD17-4CA8-49E9-9562-2FB90FDD5791}.Release|Any CPU.Build.0 = Release|Any CPU
		{C6BE2E61-FD87-4C21-9839-BD83BF3FD770}.Debug|Any CPU.ActiveCfg = Debug|Any CPU
		{C6BE2E61-FD87-4C21-9839-BD83BF3FD770}.Debug|Any CPU.Build.0 = Debug|Any CPU
		{C6BE2E61-FD87-4C21-9839-BD83BF3FD770}.Release|Any CPU.ActiveCfg = Release|Any CPU
		{C6BE2E61-FD87-4C21-9839-BD83BF3FD770}.Release|Any CPU.Build.0 = Release|Any CPU
		{0B5BE5D1-95DF-4429-AD29-10621B37DB69}.Debug|Any CPU.ActiveCfg = Debug|Any CPU
		{0B5BE5D1-95DF-4429-AD29-10621B37DB69}.Debug|Any CPU.Build.0 = Debug|Any CPU
		{0B5BE5D1-95DF-4429-AD29-10621B37DB69}.Release|Any CPU.ActiveCfg = Release|Any CPU
		{0B5BE5D1-95DF-4429-AD29-10621B37DB69}.Release|Any CPU.Build.0 = Release|Any CPU
		{F71F2473-975E-4BA8-A6E6-800E475E8BD3}.Debug|Any CPU.ActiveCfg = Debug|Any CPU
		{F71F2473-975E-4BA8-A6E6-800E475E8BD3}.Debug|Any CPU.Build.0 = Debug|Any CPU
		{F71F2473-975E-4BA8-A6E6-800E475E8BD3}.Release|Any CPU.ActiveCfg = Release|Any CPU
		{F71F2473-975E-4BA8-A6E6-800E475E8BD3}.Release|Any CPU.Build.0 = Release|Any CPU
		{4E932739-8DEA-47F9-9FB4-D2AC33FBD2F8}.Debug|Any CPU.ActiveCfg = Debug|Any CPU
		{4E932739-8DEA-47F9-9FB4-D2AC33FBD2F8}.Debug|Any CPU.Build.0 = Debug|Any CPU
		{4E932739-8DEA-47F9-9FB4-D2AC33FBD2F8}.Release|Any CPU.ActiveCfg = Release|Any CPU
		{4E932739-8DEA-47F9-9FB4-D2AC33FBD2F8}.Release|Any CPU.Build.0 = Release|Any CPU
		{8878F2D0-FAA7-488E-A8CD-57C292367965}.Debug|Any CPU.ActiveCfg = Debug|Any CPU
		{8878F2D0-FAA7-488E-A8CD-57C292367965}.Debug|Any CPU.Build.0 = Debug|Any CPU
		{8878F2D0-FAA7-488E-A8CD-57C292367965}.Release|Any CPU.ActiveCfg = Release|Any CPU
		{8878F2D0-FAA7-488E-A8CD-57C292367965}.Release|Any CPU.Build.0 = Release|Any CPU
		{7EC67B29-F668-4D62-AB15-F8B6DC2D9BCB}.Debug|Any CPU.ActiveCfg = Debug|Any CPU
		{7EC67B29-F668-4D62-AB15-F8B6DC2D9BCB}.Debug|Any CPU.Build.0 = Debug|Any CPU
		{7EC67B29-F668-4D62-AB15-F8B6DC2D9BCB}.Release|Any CPU.ActiveCfg = Release|Any CPU
		{7EC67B29-F668-4D62-AB15-F8B6DC2D9BCB}.Release|Any CPU.Build.0 = Release|Any CPU
	EndGlobalSection
	GlobalSection(SolutionProperties) = preSolution
		HideSolutionNode = FALSE
	EndGlobalSection
	GlobalSection(ExtensibilityGlobals) = postSolution
		SolutionGuid = {739E421C-AB3F-4A65-B4F9-086BEF4E8AD1}
	EndGlobalSection
EndGlobal
